// !$*UTF8*$!
{
	archiveVersion = 1;
	classes = {
	};
	objectVersion = 55;
	objects = {

/* Begin PBXBuildFile section */
		0B2877CCC23419DC48F0AD43 /* Pods_F_ckTheMoney.framework in Frameworks */ = {isa = PBXBuildFile; fileRef = 1D913D28EDC8ACF72130A8DA /* Pods_F_ckTheMoney.framework */; };
		635529E62791511700466EFD /* AppDelegate.swift in Sources */ = {isa = PBXBuildFile; fileRef = 635529E52791511700466EFD /* AppDelegate.swift */; };
		635529E82791511700466EFD /* SceneDelegate.swift in Sources */ = {isa = PBXBuildFile; fileRef = 635529E72791511700466EFD /* SceneDelegate.swift */; };
		635529EA2791511700466EFD /* ViewController.swift in Sources */ = {isa = PBXBuildFile; fileRef = 635529E92791511700466EFD /* ViewController.swift */; };
		635529ED2791511700466EFD /* Main.storyboard in Resources */ = {isa = PBXBuildFile; fileRef = 635529EB2791511700466EFD /* Main.storyboard */; };
		635529EF2791511800466EFD /* Assets.xcassets in Resources */ = {isa = PBXBuildFile; fileRef = 635529EE2791511800466EFD /* Assets.xcassets */; };
		635529F22791511800466EFD /* LaunchScreen.storyboard in Resources */ = {isa = PBXBuildFile; fileRef = 635529F02791511800466EFD /* LaunchScreen.storyboard */; };
		63A50C6A2793F58E0045C27F /* TableViewCell.swift in Sources */ = {isa = PBXBuildFile; fileRef = 63A50C692793F58E0045C27F /* TableViewCell.swift */; };
		63A50C6C2794068D0045C27F /* Models.swift in Sources */ = {isa = PBXBuildFile; fileRef = 63A50C6B2794068D0045C27F /* Models.swift */; };
/* End PBXBuildFile section */

/* Begin PBXFileReference section */
		1D913D28EDC8ACF72130A8DA /* Pods_F_ckTheMoney.framework */ = {isa = PBXFileReference; explicitFileType = wrapper.framework; includeInIndex = 0; path = Pods_F_ckTheMoney.framework; sourceTree = BUILT_PRODUCTS_DIR; };
		635529E22791511700466EFD /* F_ckTheMoney.app */ = {isa = PBXFileReference; explicitFileType = wrapper.application; includeInIndex = 0; path = F_ckTheMoney.app; sourceTree = BUILT_PRODUCTS_DIR; };
		635529E52791511700466EFD /* AppDelegate.swift */ = {isa = PBXFileReference; lastKnownFileType = sourcecode.swift; path = AppDelegate.swift; sourceTree = "<group>"; };
		635529E72791511700466EFD /* SceneDelegate.swift */ = {isa = PBXFileReference; lastKnownFileType = sourcecode.swift; path = SceneDelegate.swift; sourceTree = "<group>"; };
		635529E92791511700466EFD /* ViewController.swift */ = {isa = PBXFileReference; lastKnownFileType = sourcecode.swift; path = ViewController.swift; sourceTree = "<group>"; };
		635529EC2791511700466EFD /* Base */ = {isa = PBXFileReference; lastKnownFileType = file.storyboard; name = Base; path = Base.lproj/Main.storyboard; sourceTree = "<group>"; };
		635529EE2791511800466EFD /* Assets.xcassets */ = {isa = PBXFileReference; lastKnownFileType = folder.assetcatalog; path = Assets.xcassets; sourceTree = "<group>"; };
		635529F12791511800466EFD /* Base */ = {isa = PBXFileReference; lastKnownFileType = file.storyboard; name = Base; path = Base.lproj/LaunchScreen.storyboard; sourceTree = "<group>"; };
		635529F32791511800466EFD /* Info.plist */ = {isa = PBXFileReference; lastKnownFileType = text.plist.xml; path = Info.plist; sourceTree = "<group>"; };
		63A50C692793F58E0045C27F /* TableViewCell.swift */ = {isa = PBXFileReference; lastKnownFileType = sourcecode.swift; path = TableViewCell.swift; sourceTree = "<group>"; };
		63A50C6B2794068D0045C27F /* Models.swift */ = {isa = PBXFileReference; lastKnownFileType = sourcecode.swift; path = Models.swift; sourceTree = "<group>"; };
		C6DD593C37FC9439CDEBB93E /* Pods-F_ckTheMoney.debug.xcconfig */ = {isa = PBXFileReference; includeInIndex = 1; lastKnownFileType = text.xcconfig; name = "Pods-F_ckTheMoney.debug.xcconfig"; path = "Target Support Files/Pods-F_ckTheMoney/Pods-F_ckTheMoney.debug.xcconfig"; sourceTree = "<group>"; };
		DB40553241BB54013C7EADFC /* Pods-F_ckTheMoney.release.xcconfig */ = {isa = PBXFileReference; includeInIndex = 1; lastKnownFileType = text.xcconfig; name = "Pods-F_ckTheMoney.release.xcconfig"; path = "Target Support Files/Pods-F_ckTheMoney/Pods-F_ckTheMoney.release.xcconfig"; sourceTree = "<group>"; };
/* End PBXFileReference section */

/* Begin PBXFrameworksBuildPhase section */
		635529DF2791511700466EFD /* Frameworks */ = {
			isa = PBXFrameworksBuildPhase;
			buildActionMask = 2147483647;
			files = (
				0B2877CCC23419DC48F0AD43 /* Pods_F_ckTheMoney.framework in Frameworks */,
			);
			runOnlyForDeploymentPostprocessing = 0;
		};
/* End PBXFrameworksBuildPhase section */

/* Begin PBXGroup section */
		635529D92791511700466EFD = {
			isa = PBXGroup;
			children = (
				635529E42791511700466EFD /* F_ckTheMoney */,
				635529E32791511700466EFD /* Products */,
				DC6084F71EA108F2BC1A5894 /* Pods */,
				D0D9F3CFFFF315A30DBC7086 /* Frameworks */,
			);
			sourceTree = "<group>";
		};
		635529E32791511700466EFD /* Products */ = {
			isa = PBXGroup;
			children = (
				635529E22791511700466EFD /* F_ckTheMoney.app */,
			);
			name = Products;
			sourceTree = "<group>";
		};
		635529E42791511700466EFD /* F_ckTheMoney */ = {
			isa = PBXGroup;
			children = (
				635529E52791511700466EFD /* AppDelegate.swift */,
				635529E72791511700466EFD /* SceneDelegate.swift */,
				63A50C6B2794068D0045C27F /* Models.swift */,
				63A50C692793F58E0045C27F /* TableViewCell.swift */,
				635529E92791511700466EFD /* ViewController.swift */,
				635529EB2791511700466EFD /* Main.storyboard */,
				635529EE2791511800466EFD /* Assets.xcassets */,
				635529F02791511800466EFD /* LaunchScreen.storyboard */,
				635529F32791511800466EFD /* Info.plist */,
			);
			path = F_ckTheMoney;
			sourceTree = "<group>";
		};
		D0D9F3CFFFF315A30DBC7086 /* Frameworks */ = {
			isa = PBXGroup;
			children = (
				1D913D28EDC8ACF72130A8DA /* Pods_F_ckTheMoney.framework */,
			);
			name = Frameworks;
			sourceTree = "<group>";
		};
		DC6084F71EA108F2BC1A5894 /* Pods */ = {
			isa = PBXGroup;
			children = (
				C6DD593C37FC9439CDEBB93E /* Pods-F_ckTheMoney.debug.xcconfig */,
				DB40553241BB54013C7EADFC /* Pods-F_ckTheMoney.release.xcconfig */,
			);
			path = Pods;
			sourceTree = "<group>";
		};
/* End PBXGroup section */

/* Begin PBXNativeTarget section */
		635529E12791511700466EFD /* F_ckTheMoney */ = {
			isa = PBXNativeTarget;
			buildConfigurationList = 635529F62791511800466EFD /* Build configuration list for PBXNativeTarget "F_ckTheMoney" */;
			buildPhases = (
				6795DFB243B1C360C43E24F8 /* [CP] Check Pods Manifest.lock */,
				635529DE2791511700466EFD /* Sources */,
				635529DF2791511700466EFD /* Frameworks */,
				635529E02791511700466EFD /* Resources */,
				9795B0AD25B535718EF34030 /* [CP] Embed Pods Frameworks */,
			);
			buildRules = (
			);
			dependencies = (
			);
			name = F_ckTheMoney;
			productName = F_ckTheMoney;
			productReference = 635529E22791511700466EFD /* F_ckTheMoney.app */;
			productType = "com.apple.product-type.application";
		};
/* End PBXNativeTarget section */

/* Begin PBXProject section */
		635529DA2791511700466EFD /* Project object */ = {
			isa = PBXProject;
			attributes = {
				BuildIndependentTargetsInParallel = 1;
				LastSwiftUpdateCheck = 1310;
				LastUpgradeCheck = 1310;
				TargetAttributes = {
					635529E12791511700466EFD = {
						CreatedOnToolsVersion = 13.1;
					};
				};
			};
			buildConfigurationList = 635529DD2791511700466EFD /* Build configuration list for PBXProject "F_ckTheMoney" */;
			compatibilityVersion = "Xcode 13.0";
			developmentRegion = en;
			hasScannedForEncodings = 0;
			knownRegions = (
				en,
				Base,
			);
			mainGroup = 635529D92791511700466EFD;
			productRefGroup = 635529E32791511700466EFD /* Products */;
			projectDirPath = "";
			projectRoot = "";
			targets = (
				635529E12791511700466EFD /* F_ckTheMoney */,
			);
		};
/* End PBXProject section */

/* Begin PBXResourcesBuildPhase section */
		635529E02791511700466EFD /* Resources */ = {
			isa = PBXResourcesBuildPhase;
			buildActionMask = 2147483647;
			files = (
				635529F22791511800466EFD /* LaunchScreen.storyboard in Resources */,
				635529EF2791511800466EFD /* Assets.xcassets in Resources */,
				635529ED2791511700466EFD /* Main.storyboard in Resources */,
			);
			runOnlyForDeploymentPostprocessing = 0;
		};
/* End PBXResourcesBuildPhase section */

/* Begin PBXShellScriptBuildPhase section */
		6795DFB243B1C360C43E24F8 /* [CP] Check Pods Manifest.lock */ = {
			isa = PBXShellScriptBuildPhase;
			buildActionMask = 2147483647;
			files = (
			);
			inputFileListPaths = (
			);
			inputPaths = (
				"${PODS_PODFILE_DIR_PATH}/Podfile.lock",
				"${PODS_ROOT}/Manifest.lock",
			);
			name = "[CP] Check Pods Manifest.lock";
			outputFileListPaths = (
			);
			outputPaths = (
				"$(DERIVED_FILE_DIR)/Pods-F_ckTheMoney-checkManifestLockResult.txt",
			);
			runOnlyForDeploymentPostprocessing = 0;
			shellPath = /bin/sh;
			shellScript = "diff \"${PODS_PODFILE_DIR_PATH}/Podfile.lock\" \"${PODS_ROOT}/Manifest.lock\" > /dev/null\nif [ $? != 0 ] ; then\n    # print error to STDERR\n    echo \"error: The sandbox is not in sync with the Podfile.lock. Run 'pod install' or update your CocoaPods installation.\" >&2\n    exit 1\nfi\n# This output is used by Xcode 'outputs' to avoid re-running this script phase.\necho \"SUCCESS\" > \"${SCRIPT_OUTPUT_FILE_0}\"\n";
			showEnvVarsInLog = 0;
		};
		9795B0AD25B535718EF34030 /* [CP] Embed Pods Frameworks */ = {
			isa = PBXShellScriptBuildPhase;
			buildActionMask = 2147483647;
			files = (
			);
			inputFileListPaths = (
				"${PODS_ROOT}/Target Support Files/Pods-F_ckTheMoney/Pods-F_ckTheMoney-frameworks-${CONFIGURATION}-input-files.xcfilelist",
			);
			name = "[CP] Embed Pods Frameworks";
			outputFileListPaths = (
				"${PODS_ROOT}/Target Support Files/Pods-F_ckTheMoney/Pods-F_ckTheMoney-frameworks-${CONFIGURATION}-output-files.xcfilelist",
			);
			runOnlyForDeploymentPostprocessing = 0;
			shellPath = /bin/sh;
			shellScript = "\"${PODS_ROOT}/Target Support Files/Pods-F_ckTheMoney/Pods-F_ckTheMoney-frameworks.sh\"\n";
			showEnvVarsInLog = 0;
		};
/* End PBXShellScriptBuildPhase section */

/* Begin PBXSourcesBuildPhase section */
		635529DE2791511700466EFD /* Sources */ = {
			isa = PBXSourcesBuildPhase;
			buildActionMask = 2147483647;
			files = (
				63A50C6A2793F58E0045C27F /* TableViewCell.swift in Sources */,
				635529EA2791511700466EFD /* ViewController.swift in Sources */,
				635529E62791511700466EFD /* AppDelegate.swift in Sources */,
				63A50C6C2794068D0045C27F /* Models.swift in Sources */,
				635529E82791511700466EFD /* SceneDelegate.swift in Sources */,
			);
			runOnlyForDeploymentPostprocessing = 0;
		};
/* End PBXSourcesBuildPhase section */

/* Begin PBXVariantGroup section */
		635529EB2791511700466EFD /* Main.storyboard */ = {
			isa = PBXVariantGroup;
			children = (
				635529EC2791511700466EFD /* Base */,
			);
			name = Main.storyboard;
			sourceTree = "<group>";
		};
		635529F02791511800466EFD /* LaunchScreen.storyboard */ = {
			isa = PBXVariantGroup;
			children = (
				635529F12791511800466EFD /* Base */,
			);
			name = LaunchScreen.storyboard;
			sourceTree = "<group>";
		};
/* End PBXVariantGroup section */

/* Begin XCBuildConfiguration section */
		635529F42791511800466EFD /* Debug */ = {
			isa = XCBuildConfiguration;
			buildSettings = {
				ALWAYS_SEARCH_USER_PATHS = NO;
				CLANG_ANALYZER_NONNULL = YES;
				CLANG_ANALYZER_NUMBER_OBJECT_CONVERSION = YES_AGGRESSIVE;
				CLANG_CXX_LANGUAGE_STANDARD = "gnu++17";
				CLANG_CXX_LIBRARY = "libc++";
				CLANG_ENABLE_MODULES = YES;
				CLANG_ENABLE_OBJC_ARC = YES;
				CLANG_ENABLE_OBJC_WEAK = YES;
				CLANG_WARN_BLOCK_CAPTURE_AUTORELEASING = YES;
				CLANG_WARN_BOOL_CONVERSION = YES;
				CLANG_WARN_COMMA = YES;
				CLANG_WARN_CONSTANT_CONVERSION = YES;
				CLANG_WARN_DEPRECATED_OBJC_IMPLEMENTATIONS = YES;
				CLANG_WARN_DIRECT_OBJC_ISA_USAGE = YES_ERROR;
				CLANG_WARN_DOCUMENTATION_COMMENTS = YES;
				CLANG_WARN_EMPTY_BODY = YES;
				CLANG_WARN_ENUM_CONVERSION = YES;
				CLANG_WARN_INFINITE_RECURSION = YES;
				CLANG_WARN_INT_CONVERSION = YES;
				CLANG_WARN_NON_LITERAL_NULL_CONVERSION = YES;
				CLANG_WARN_OBJC_IMPLICIT_RETAIN_SELF = YES;
				CLANG_WARN_OBJC_LITERAL_CONVERSION = YES;
				CLANG_WARN_OBJC_ROOT_CLASS = YES_ERROR;
				CLANG_WARN_QUOTED_INCLUDE_IN_FRAMEWORK_HEADER = YES;
				CLANG_WARN_RANGE_LOOP_ANALYSIS = YES;
				CLANG_WARN_STRICT_PROTOTYPES = YES;
				CLANG_WARN_SUSPICIOUS_MOVE = YES;
				CLANG_WARN_UNGUARDED_AVAILABILITY = YES_AGGRESSIVE;
				CLANG_WARN_UNREACHABLE_CODE = YES;
				CLANG_WARN__DUPLICATE_METHOD_MATCH = YES;
				COPY_PHASE_STRIP = NO;
				DEBUG_INFORMATION_FORMAT = dwarf;
				ENABLE_STRICT_OBJC_MSGSEND = YES;
				ENABLE_TESTABILITY = YES;
				GCC_C_LANGUAGE_STANDARD = gnu11;
				GCC_DYNAMIC_NO_PIC = NO;
				GCC_NO_COMMON_BLOCKS = YES;
				GCC_OPTIMIZATION_LEVEL = 0;
				GCC_PREPROCESSOR_DEFINITIONS = (
					"DEBUG=1",
					"$(inherited)",
				);
				GCC_WARN_64_TO_32_BIT_CONVERSION = YES;
				GCC_WARN_ABOUT_RETURN_TYPE = YES_ERROR;
				GCC_WARN_UNDECLARED_SELECTOR = YES;
				GCC_WARN_UNINITIALIZED_AUTOS = YES_AGGRESSIVE;
				GCC_WARN_UNUSED_FUNCTION = YES;
				GCC_WARN_UNUSED_VARIABLE = YES;
				IPHONEOS_DEPLOYMENT_TARGET = 15.0;
				MTL_ENABLE_DEBUG_INFO = INCLUDE_SOURCE;
				MTL_FAST_MATH = YES;
				ONLY_ACTIVE_ARCH = YES;
				SDKROOT = iphoneos;
				SWIFT_ACTIVE_COMPILATION_CONDITIONS = DEBUG;
				SWIFT_OPTIMIZATION_LEVEL = "-Onone";
			};
			name = Debug;
		};
		635529F52791511800466EFD /* Release */ = {
			isa = XCBuildConfiguration;
			buildSettings = {
				ALWAYS_SEARCH_USER_PATHS = NO;
				CLANG_ANALYZER_NONNULL = YES;
				CLANG_ANALYZER_NUMBER_OBJECT_CONVERSION = YES_AGGRESSIVE;
				CLANG_CXX_LANGUAGE_STANDARD = "gnu++17";
				CLANG_CXX_LIBRARY = "libc++";
				CLANG_ENABLE_MODULES = YES;
				CLANG_ENABLE_OBJC_ARC = YES;
				CLANG_ENABLE_OBJC_WEAK = YES;
				CLANG_WARN_BLOCK_CAPTURE_AUTORELEASING = YES;
				CLANG_WARN_BOOL_CONVERSION = YES;
				CLANG_WARN_COMMA = YES;
				CLANG_WARN_CONSTANT_CONVERSION = YES;
				CLANG_WARN_DEPRECATED_OBJC_IMPLEMENTATIONS = YES;
				CLANG_WARN_DIRECT_OBJC_ISA_USAGE = YES_ERROR;
				CLANG_WARN_DOCUMENTATION_COMMENTS = YES;
				CLANG_WARN_EMPTY_BODY = YES;
				CLANG_WARN_ENUM_CONVERSION = YES;
				CLANG_WARN_INFINITE_RECURSION = YES;
				CLANG_WARN_INT_CONVERSION = YES;
				CLANG_WARN_NON_LITERAL_NULL_CONVERSION = YES;
				CLANG_WARN_OBJC_IMPLICIT_RETAIN_SELF = YES;
				CLANG_WARN_OBJC_LITERAL_CONVERSION = YES;
				CLANG_WARN_OBJC_ROOT_CLASS = YES_ERROR;
				CLANG_WARN_QUOTED_INCLUDE_IN_FRAMEWORK_HEADER = YES;
				CLANG_WARN_RANGE_LOOP_ANALYSIS = YES;
				CLANG_WARN_STRICT_PROTOTYPES = YES;
				CLANG_WARN_SUSPICIOUS_MOVE = YES;
				CLANG_WARN_UNGUARDED_AVAILABILITY = YES_AGGRESSIVE;
				CLANG_WARN_UNREACHABLE_CODE = YES;
				CLANG_WARN__DUPLICATE_METHOD_MATCH = YES;
				COPY_PHASE_STRIP = NO;
				DEBUG_INFORMATION_FORMAT = "dwarf-with-dsym";
				ENABLE_NS_ASSERTIONS = NO;
				ENABLE_STRICT_OBJC_MSGSEND = YES;
				GCC_C_LANGUAGE_STANDARD = gnu11;
				GCC_NO_COMMON_BLOCKS = YES;
				GCC_WARN_64_TO_32_BIT_CONVERSION = YES;
				GCC_WARN_ABOUT_RETURN_TYPE = YES_ERROR;
				GCC_WARN_UNDECLARED_SELECTOR = YES;
				GCC_WARN_UNINITIALIZED_AUTOS = YES_AGGRESSIVE;
				GCC_WARN_UNUSED_FUNCTION = YES;
				GCC_WARN_UNUSED_VARIABLE = YES;
				IPHONEOS_DEPLOYMENT_TARGET = 15.0;
				MTL_ENABLE_DEBUG_INFO = NO;
				MTL_FAST_MATH = YES;
				SDKROOT = iphoneos;
				SWIFT_COMPILATION_MODE = wholemodule;
				SWIFT_OPTIMIZATION_LEVEL = "-O";
				VALIDATE_PRODUCT = YES;
			};
			name = Release;
		};
		635529F72791511800466EFD /* Debug */ = {
			isa = XCBuildConfiguration;
			baseConfigurationReference = C6DD593C37FC9439CDEBB93E /* Pods-F_ckTheMoney.debug.xcconfig */;
			buildSettings = {
				ASSETCATALOG_COMPILER_APPICON_NAME = AppIcon;
				ASSETCATALOG_COMPILER_GLOBAL_ACCENT_COLOR_NAME = AccentColor;
				CODE_SIGN_STYLE = Automatic;
				CURRENT_PROJECT_VERSION = 1;
				DEVELOPMENT_TEAM = 4VT6FN6925;
				GENERATE_INFOPLIST_FILE = YES;
				INFOPLIST_FILE = F_ckTheMoney/Info.plist;
				INFOPLIST_KEY_UIApplicationSupportsIndirectInputEvents = YES;
				INFOPLIST_KEY_UILaunchStoryboardName = LaunchScreen;
				INFOPLIST_KEY_UIMainStoryboardFile = Main;
				INFOPLIST_KEY_UISupportedInterfaceOrientations_iPad = "UIInterfaceOrientationPortrait UIInterfaceOrientationPortraitUpsideDown UIInterfaceOrientationLandscapeLeft UIInterfaceOrientationLandscapeRight";
				INFOPLIST_KEY_UISupportedInterfaceOrientations_iPhone = "UIInterfaceOrientationPortrait UIInterfaceOrientationLandscapeLeft UIInterfaceOrientationLandscapeRight";
				LD_RUNPATH_SEARCH_PATHS = (
					"$(inherited)",
					"@executable_path/Frameworks",
				);
				MARKETING_VERSION = 1.0;
				PRODUCT_BUNDLE_IDENTIFIER = "Nurlan.F-ckTheMoney";
				PRODUCT_NAME = "$(TARGET_NAME)";
				SWIFT_EMIT_LOC_STRINGS = YES;
				SWIFT_VERSION = 5.0;
				TARGETED_DEVICE_FAMILY = 1;
			};
			name = Debug;
		};
		635529F82791511800466EFD /* Release */ = {
			isa = XCBuildConfiguration;
			baseConfigurationReference = DB40553241BB54013C7EADFC /* Pods-F_ckTheMoney.release.xcconfig */;
			buildSettings = {
				ASSETCATALOG_COMPILER_APPICON_NAME = AppIcon;
				ASSETCATALOG_COMPILER_GLOBAL_ACCENT_COLOR_NAME = AccentColor;
				CODE_SIGN_STYLE = Automatic;
				CURRENT_PROJECT_VERSION = 1;
				DEVELOPMENT_TEAM = 4VT6FN6925;
				GENERATE_INFOPLIST_FILE = YES;
				INFOPLIST_FILE = F_ckTheMoney/Info.plist;
				INFOPLIST_KEY_UIApplicationSupportsIndirectInputEvents = YES;
				INFOPLIST_KEY_UILaunchStoryboardName = LaunchScreen;
				INFOPLIST_KEY_UIMainStoryboardFile = Main;
				INFOPLIST_KEY_UISupportedInterfaceOrientations_iPad = "UIInterfaceOrientationPortrait UIInterfaceOrientationPortraitUpsideDown UIInterfaceOrientationLandscapeLeft UIInterfaceOrientationLandscapeRight";
				INFOPLIST_KEY_UISupportedInterfaceOrientations_iPhone = "UIInterfaceOrientationPortrait UIInterfaceOrientationLandscapeLeft UIInterfaceOrientationLandscapeRight";
				LD_RUNPATH_SEARCH_PATHS = (
					"$(inherited)",
					"@executable_path/Frameworks",
				);
				MARKETING_VERSION = 1.0;
				PRODUCT_BUNDLE_IDENTIFIER = "Nurlan.F-ckTheMoney";
				PRODUCT_NAME = "$(TARGET_NAME)";
				SWIFT_EMIT_LOC_STRINGS = YES;
				SWIFT_VERSION = 5.0;
				TARGETED_DEVICE_FAMILY = 1;
			};
			name = Release;
		};
/* End XCBuildConfiguration section */

/* Begin XCConfigurationList section */
		635529DD2791511700466EFD /* Build configuration list for PBXProject "F_ckTheMoney" */ = {
			isa = XCConfigurationList;
			buildConfigurations = (
				635529F42791511800466EFD /* Debug */,
				635529F52791511800466EFD /* Release */,
			);
			defaultConfigurationIsVisible = 0;
			defaultConfigurationName = Release;
		};
		635529F62791511800466EFD /* Build configuration list for PBXNativeTarget "F_ckTheMoney" */ = {
			isa = XCConfigurationList;
			buildConfigurations = (
				635529F72791511800466EFD /* Debug */,
				635529F82791511800466EFD /* Release */,
			);
			defaultConfigurationIsVisible = 0;
			defaultConfigurationName = Release;
		};
/* End XCConfigurationList section */
	};
	rootObject = 635529DA2791511700466EFD /* Project object */;
}
